
Microsoft Visual Studio Solution File, Format Version 12.00
# Visual Studio 16
Project("{FAE04EC0-301F-11D3-BF4B-00C04F79EFBC}") = "Assembly-CSharp", "Assembly-CSharp.csproj", "{E1D9A458-B91F-E7C4-3664-E375243663E4}"
EndProject
Project("{FAE04EC0-301F-11D3-BF4B-00C04F79EFBC}") = "Assembly-CSharp-Editor", "Assembly-CSharp-Editor.csproj", "{7B514C45-E27C-FC30-F839-B9BE08F045BE}"
EndProject
Global
	GlobalSection(SolutionConfigurationPlatforms) = preSolution
		Debug|Any CPU = Debug|Any CPU
		Release|Any CPU = Release|Any CPU
	EndGlobalSection
	GlobalSection(ProjectConfigurationPlatforms) = postSolution
		{E1D9A458-B91F-E7C4-3664-E375243663E4}.Debug|Any CPU.ActiveCfg = Debug|Any CPU
		{E1D9A458-B91F-E7C4-3664-E375243663E4}.Debug|Any CPU.Build.0 = Debug|Any CPU
		{E1D9A458-B91F-E7C4-3664-E375243663E4}.Release|Any CPU.ActiveCfg = Release|Any CPU
		{E1D9A458-B91F-E7C4-3664-E375243663E4}.Release|Any CPU.Build.0 = Release|Any CPU
		{7B514C45-E27C-FC30-F839-B9BE08F045BE}.Debug|Any CPU.ActiveCfg = Debug|Any CPU
		{7B514C45-E27C-FC30-F839-B9BE08F045BE}.Debug|Any CPU.Build.0 = Debug|Any CPU
		{7B514C45-E27C-FC30-F839-B9BE08F045BE}.Release|Any CPU.ActiveCfg = Release|Any CPU
		{7B514C45-E27C-FC30-F839-B9BE08F045BE}.Release|Any CPU.Build.0 = Release|Any CPU
	EndGlobalSection
	GlobalSection(SolutionProperties) = preSolution
		HideSolutionNode = FALSE
	EndGlobalSection
EndGlobal
