
Microsoft Visual Studio Solution File, Format Version 12.00
# Visual Studio 15
Project("{FAE04EC0-301F-11D3-BF4B-00C04F79EFBC}") = "Assembly-CSharp", "Assembly-CSharp.csproj", "{028A7B39-D7F1-745C-C95C-9279A9D61E19}"
EndProject
Project("{FAE04EC0-301F-11D3-BF4B-00C04F79EFBC}") = "Assembly-CSharp-firstpass", "Assembly-CSharp-firstpass.csproj", "{66F14FDA-F4A6-5476-A79B-8918DFF00C39}"
EndProject
Project("{FAE04EC0-301F-11D3-BF4B-00C04F79EFBC}") = "Assembly-CSharp-Editor-firstpass", "Assembly-CSharp-Editor-firstpass.csproj", "{D5BB5CD9-04A3-DF41-D084-6D289841832A}"
EndProject
Global
	GlobalSection(SolutionConfigurationPlatforms) = preSolution
		Debug|Any CPU = Debug|Any CPU
		Release|Any CPU = Release|Any CPU
	EndGlobalSection
	GlobalSection(ProjectConfigurationPlatforms) = postSolution
		{028A7B39-D7F1-745C-C95C-9279A9D61E19}.Debug|Any CPU.ActiveCfg = Debug|Any CPU
		{028A7B39-D7F1-745C-C95C-9279A9D61E19}.Debug|Any CPU.Build.0 = Debug|Any CPU
		{028A7B39-D7F1-745C-C95C-9279A9D61E19}.Release|Any CPU.ActiveCfg = Release|Any CPU
		{028A7B39-D7F1-745C-C95C-9279A9D61E19}.Release|Any CPU.Build.0 = Release|Any CPU
		{66F14FDA-F4A6-5476-A79B-8918DFF00C39}.Debug|Any CPU.ActiveCfg = Debug|Any CPU
		{66F14FDA-F4A6-5476-A79B-8918DFF00C39}.Debug|Any CPU.Build.0 = Debug|Any CPU
		{66F14FDA-F4A6-5476-A79B-8918DFF00C39}.Release|Any CPU.ActiveCfg = Release|Any CPU
		{66F14FDA-F4A6-5476-A79B-8918DFF00C39}.Release|Any CPU.Build.0 = Release|Any CPU
		{D5BB5CD9-04A3-DF41-D084-6D289841832A}.Debug|Any CPU.ActiveCfg = Debug|Any CPU
		{D5BB5CD9-04A3-DF41-D084-6D289841832A}.Debug|Any CPU.Build.0 = Debug|Any CPU
		{D5BB5CD9-04A3-DF41-D084-6D289841832A}.Release|Any CPU.ActiveCfg = Release|Any CPU
		{D5BB5CD9-04A3-DF41-D084-6D289841832A}.Release|Any CPU.Build.0 = Release|Any CPU
	EndGlobalSection
	GlobalSection(SolutionProperties) = preSolution
		HideSolutionNode = FALSE
	EndGlobalSection
EndGlobal
